
Microsoft Visual Studio Solution File, Format Version 12.00
# Visual Studio Version 16
VisualStudioVersion = 16.0.31729.503
MinimumVisualStudioVersion = 10.0.40219.1
Project("{FAE04EC0-301F-11D3-BF4B-00C04F79EFBC}") = "ProyectoBanco", "ProyectoBanco\ProyectoBanco.csproj", "{34BE2C95-2EB5-439B-8671-5FA81B538972}"
EndProject
Global
	GlobalSection(SolutionConfigurationPlatforms) = preSolution
		Debug|Any CPU = Debug|Any CPU
		Release|Any CPU = Release|Any CPU
	EndGlobalSection
	GlobalSection(ProjectConfigurationPlatforms) = postSolution
		{34BE2C95-2EB5-439B-8671-5FA81B538972}.Debug|Any CPU.ActiveCfg = Debug|Any CPU
		{34BE2C95-2EB5-439B-8671-5FA81B538972}.Debug|Any CPU.Build.0 = Debug|Any CPU
		{34BE2C95-2EB5-439B-8671-5FA81B538972}.Release|Any CPU.ActiveCfg = Release|Any CPU
		{34BE2C95-2EB5-439B-8671-5FA81B538972}.Release|Any CPU.Build.0 = Release|Any CPU
	EndGlobalSection
	GlobalSection(SolutionProperties) = preSolution
		HideSolutionNode = FALSE
	EndGlobalSection
	GlobalSection(ExtensibilityGlobals) = postSolution
		SolutionGuid = {1C0350DE-E695-4423-BE78-D307C7F09115}
	EndGlobalSection
EndGlobal
